// !$*UTF8*$!
{
	archiveVersion = 1;
	classes = {
	};
	objectVersion = 46;
	objects = {

/* Begin PBXBuildFile section */
		84B476651F61CF33004AE7F7 /* Vehicle.swift in Sources */ = {isa = PBXBuildFile; fileRef = 84B476641F61CF33004AE7F7 /* Vehicle.swift */; };
		84D53FF51F60721000AD3515 /* AppDelegate.swift in Sources */ = {isa = PBXBuildFile; fileRef = 84D53FF41F60721000AD3515 /* AppDelegate.swift */; };
		84D53FF71F60721000AD3515 /* ViewController.swift in Sources */ = {isa = PBXBuildFile; fileRef = 84D53FF61F60721000AD3515 /* ViewController.swift */; };
		84D53FFA1F60721000AD3515 /* Main.storyboard in Resources */ = {isa = PBXBuildFile; fileRef = 84D53FF81F60721000AD3515 /* Main.storyboard */; };
		84D53FFC1F60721000AD3515 /* Assets.xcassets in Resources */ = {isa = PBXBuildFile; fileRef = 84D53FFB1F60721000AD3515 /* Assets.xcassets */; };
		84D53FFF1F60721000AD3515 /* LaunchScreen.storyboard in Resources */ = {isa = PBXBuildFile; fileRef = 84D53FFD1F60721000AD3515 /* LaunchScreen.storyboard */; };
/* End PBXBuildFile section */

/* Begin PBXFileReference section */
		84B476641F61CF33004AE7F7 /* Vehicle.swift */ = {isa = PBXFileReference; fileEncoding = 4; lastKnownFileType = sourcecode.swift; path = Vehicle.swift; sourceTree = "<group>"; };
		84D53FF11F60721000AD3515 /* Parked.app */ = {isa = PBXFileReference; explicitFileType = wrapper.application; includeInIndex = 0; path = Parked.app; sourceTree = BUILT_PRODUCTS_DIR; };
		84D53FF41F60721000AD3515 /* AppDelegate.swift */ = {isa = PBXFileReference; lastKnownFileType = sourcecode.swift; path = AppDelegate.swift; sourceTree = "<group>"; };
		84D53FF61F60721000AD3515 /* ViewController.swift */ = {isa = PBXFileReference; lastKnownFileType = sourcecode.swift; path = ViewController.swift; sourceTree = "<group>"; };
		84D53FF91F60721000AD3515 /* Base */ = {isa = PBXFileReference; lastKnownFileType = file.storyboard; name = Base; path = Base.lproj/Main.storyboard; sourceTree = "<group>"; };
		84D53FFB1F60721000AD3515 /* Assets.xcassets */ = {isa = PBXFileReference; lastKnownFileType = folder.assetcatalog; path = Assets.xcassets; sourceTree = "<group>"; };
		84D53FFE1F60721000AD3515 /* Base */ = {isa = PBXFileReference; lastKnownFileType = file.storyboard; name = Base; path = Base.lproj/LaunchScreen.storyboard; sourceTree = "<group>"; };
		84D540001F60721000AD3515 /* Info.plist */ = {isa = PBXFileReference; lastKnownFileType = text.plist.xml; path = Info.plist; sourceTree = "<group>"; };
/* End PBXFileReference section */

/* Begin PBXFrameworksBuildPhase section */
		84D53FEE1F60721000AD3515 /* Frameworks */ = {
			isa = PBXFrameworksBuildPhase;
			buildActionMask = 2147483647;
			files = (
			);
			runOnlyForDeploymentPostprocessing = 0;
		};
/* End PBXFrameworksBuildPhase section */

/* Begin PBXGroup section */
		84B476631F61CF10004AE7F7 /* Models */ = {
			isa = PBXGroup;
			children = (
				84B476641F61CF33004AE7F7 /* Vehicle.swift */,
			);
			path = Models;
			sourceTree = "<group>";
		};
		84D53FE81F60721000AD3515 = {
			isa = PBXGroup;
			children = (
				84D53FF31F60721000AD3515 /* Parked */,
				84D53FF21F60721000AD3515 /* Products */,
			);
			sourceTree = "<group>";
		};
		84D53FF21F60721000AD3515 /* Products */ = {
			isa = PBXGroup;
			children = (
				84D53FF11F60721000AD3515 /* Parked.app */,
			);
			name = Products;
			sourceTree = "<group>";
		};
		84D53FF31F60721000AD3515 /* Parked */ = {
			isa = PBXGroup;
			children = (
				84B476631F61CF10004AE7F7 /* Models */,
				84D53FF41F60721000AD3515 /* AppDelegate.swift */,
				84D53FFB1F60721000AD3515 /* Assets.xcassets */,
				84D540001F60721000AD3515 /* Info.plist */,
				84D53FFD1F60721000AD3515 /* LaunchScreen.storyboard */,
				84D53FF81F60721000AD3515 /* Main.storyboard */,
				84D53FF61F60721000AD3515 /* ViewController.swift */,
			);
			path = Parked;
			sourceTree = "<group>";
		};
/* End PBXGroup section */

/* Begin PBXNativeTarget section */
		84D53FF01F60721000AD3515 /* Parked */ = {
			isa = PBXNativeTarget;
			buildConfigurationList = 84D540031F60721000AD3515 /* Build configuration list for PBXNativeTarget "Parked" */;
			buildPhases = (
				84D53FED1F60721000AD3515 /* Sources */,
				84D53FEE1F60721000AD3515 /* Frameworks */,
				84D53FEF1F60721000AD3515 /* Resources */,
			);
			buildRules = (
			);
			dependencies = (
			);
			name = Parked;
			productName = Parked;
			productReference = 84D53FF11F60721000AD3515 /* Parked.app */;
			productType = "com.apple.product-type.application";
		};
/* End PBXNativeTarget section */

/* Begin PBXProject section */
		84D53FE91F60721000AD3515 /* Project object */ = {
			isa = PBXProject;
			attributes = {
				LastSwiftUpdateCheck = 0830;
				LastUpgradeCheck = 0830;
				ORGANIZATIONNAME = "Kevin Chen";
				TargetAttributes = {
					84D53FF01F60721000AD3515 = {
						CreatedOnToolsVersion = 8.3.3;
						DevelopmentTeam = 7862VV7A86;
						ProvisioningStyle = Automatic;
					};
				};
			};
			buildConfigurationList = 84D53FEC1F60721000AD3515 /* Build configuration list for PBXProject "Parked" */;
			compatibilityVersion = "Xcode 3.2";
			developmentRegion = English;
			hasScannedForEncodings = 0;
			knownRegions = (
				en,
				Base,
			);
			mainGroup = 84D53FE81F60721000AD3515;
			productRefGroup = 84D53FF21F60721000AD3515 /* Products */;
			projectDirPath = "";
			projectRoot = "";
			targets = (
				84D53FF01F60721000AD3515 /* Parked */,
			);
		};
/* End PBXProject section */

/* Begin PBXResourcesBuildPhase section */
		84D53FEF1F60721000AD3515 /* Resources */ = {
			isa = PBXResourcesBuildPhase;
			buildActionMask = 2147483647;
			files = (
				84D53FFF1F60721000AD3515 /* LaunchScreen.storyboard in Resources */,
				84D53FFC1F60721000AD3515 /* Assets.xcassets in Resources */,
				84D53FFA1F60721000AD3515 /* Main.storyboard in Resources */,
			);
			runOnlyForDeploymentPostprocessing = 0;
		};
/* End PBXResourcesBuildPhase section */

/* Begin PBXSourcesBuildPhase section */
		84D53FED1F60721000AD3515 /* Sources */ = {
			isa = PBXSourcesBuildPhase;
			buildActionMask = 2147483647;
			files = (
				84B476651F61CF33004AE7F7 /* Vehicle.swift in Sources */,
				84D53FF71F60721000AD3515 /* ViewController.swift in Sources */,
				84D53FF51F60721000AD3515 /* AppDelegate.swift in Sources */,
			);
			runOnlyForDeploymentPostprocessing = 0;
		};
/* End PBXSourcesBuildPhase section */

/* Begin PBXVariantGroup section */
		84D53FF81F60721000AD3515 /* Main.storyboard */ = {
			isa = PBXVariantGroup;
			children = (
				84D53FF91F60721000AD3515 /* Base */,
			);
			name = Main.storyboard;
			sourceTree = "<group>";
		};
		84D53FFD1F60721000AD3515 /* LaunchScreen.storyboard */ = {
			isa = PBXVariantGroup;
			children = (
				84D53FFE1F60721000AD3515 /* Base */,
			);
			name = LaunchScreen.storyboard;
			sourceTree = "<group>";
		};
/* End PBXVariantGroup section */

/* Begin XCBuildConfiguration section */
		84D540011F60721000AD3515 /* Debug */ = {
			isa = XCBuildConfiguration;
			buildSettings = {
				ALWAYS_SEARCH_USER_PATHS = NO;
				CLANG_ANALYZER_NONNULL = YES;
				CLANG_ANALYZER_NUMBER_OBJECT_CONVERSION = YES_AGGRESSIVE;
				CLANG_CXX_LANGUAGE_STANDARD = "gnu++0x";
				CLANG_CXX_LIBRARY = "libc++";
				CLANG_ENABLE_MODULES = YES;
				CLANG_ENABLE_OBJC_ARC = YES;
				CLANG_WARN_BOOL_CONVERSION = YES;
				CLANG_WARN_CONSTANT_CONVERSION = YES;
				CLANG_WARN_DIRECT_OBJC_ISA_USAGE = YES_ERROR;
				CLANG_WARN_DOCUMENTATION_COMMENTS = YES;
				CLANG_WARN_EMPTY_BODY = YES;
				CLANG_WARN_ENUM_CONVERSION = YES;
				CLANG_WARN_INFINITE_RECURSION = YES;
				CLANG_WARN_INT_CONVERSION = YES;
				CLANG_WARN_OBJC_ROOT_CLASS = YES_ERROR;
				CLANG_WARN_SUSPICIOUS_MOVE = YES;
				CLANG_WARN_UNREACHABLE_CODE = YES;
				CLANG_WARN__DUPLICATE_METHOD_MATCH = YES;
				"CODE_SIGN_IDENTITY[sdk=iphoneos*]" = "iPhone Developer";
				COPY_PHASE_STRIP = NO;
				DEBUG_INFORMATION_FORMAT = dwarf;
				ENABLE_STRICT_OBJC_MSGSEND = YES;
				ENABLE_TESTABILITY = YES;
				GCC_C_LANGUAGE_STANDARD = gnu99;
				GCC_DYNAMIC_NO_PIC = NO;
				GCC_NO_COMMON_BLOCKS = YES;
				GCC_OPTIMIZATION_LEVEL = 0;
				GCC_PREPROCESSOR_DEFINITIONS = (
					"DEBUG=1",
					"$(inherited)",
				);
				GCC_WARN_64_TO_32_BIT_CONVERSION = YES;
				GCC_WARN_ABOUT_RETURN_TYPE = YES_ERROR;
				GCC_WARN_UNDECLARED_SELECTOR = YES;
				GCC_WARN_UNINITIALIZED_AUTOS = YES_AGGRESSIVE;
				GCC_WARN_UNUSED_FUNCTION = YES;
				GCC_WARN_UNUSED_VARIABLE = YES;
				IPHONEOS_DEPLOYMENT_TARGET = 10.3;
				MTL_ENABLE_DEBUG_INFO = YES;
				ONLY_ACTIVE_ARCH = YES;
				SDKROOT = iphoneos;
				SWIFT_ACTIVE_COMPILATION_CONDITIONS = DEBUG;
				SWIFT_OPTIMIZATION_LEVEL = "-Onone";
			};
			name = Debug;
		};
		84D540021F60721000AD3515 /* Release */ = {
			isa = XCBuildConfiguration;
			buildSettings = {
				ALWAYS_SEARCH_USER_PATHS = NO;
				CLANG_ANALYZER_NONNULL = YES;
				CLANG_ANALYZER_NUMBER_OBJECT_CONVERSION = YES_AGGRESSIVE;
				CLANG_CXX_LANGUAGE_STANDARD = "gnu++0x";
				CLANG_CXX_LIBRARY = "libc++";
				CLANG_ENABLE_MODULES = YES;
				CLANG_ENABLE_OBJC_ARC = YES;
				CLANG_WARN_BOOL_CONVERSION = YES;
				CLANG_WARN_CONSTANT_CONVERSION = YES;
				CLANG_WARN_DIRECT_OBJC_ISA_USAGE = YES_ERROR;
				CLANG_WARN_DOCUMENTATION_COMMENTS = YES;
				CLANG_WARN_EMPTY_BODY = YES;
				CLANG_WARN_ENUM_CONVERSION = YES;
				CLANG_WARN_INFINITE_RECURSION = YES;
				CLANG_WARN_INT_CONVERSION = YES;
				CLANG_WARN_OBJC_ROOT_CLASS = YES_ERROR;
				CLANG_WARN_SUSPICIOUS_MOVE = YES;
				CLANG_WARN_UNREACHABLE_CODE = YES;
				CLANG_WARN__DUPLICATE_METHOD_MATCH = YES;
				"CODE_SIGN_IDENTITY[sdk=iphoneos*]" = "iPhone Developer";
				COPY_PHASE_STRIP = NO;
				DEBUG_INFORMATION_FORMAT = "dwarf-with-dsym";
				ENABLE_NS_ASSERTIONS = NO;
				ENABLE_STRICT_OBJC_MSGSEND = YES;
				GCC_C_LANGUAGE_STANDARD = gnu99;
				GCC_NO_COMMON_BLOCKS = YES;
				GCC_WARN_64_TO_32_BIT_CONVERSION = YES;
				GCC_WARN_ABOUT_RETURN_TYPE = YES_ERROR;
				GCC_WARN_UNDECLARED_SELECTOR = YES;
				GCC_WARN_UNINITIALIZED_AUTOS = YES_AGGRESSIVE;
				GCC_WARN_UNUSED_FUNCTION = YES;
				GCC_WARN_UNUSED_VARIABLE = YES;
				IPHONEOS_DEPLOYMENT_TARGET = 10.3;
				MTL_ENABLE_DEBUG_INFO = NO;
				SDKROOT = iphoneos;
				SWIFT_OPTIMIZATION_LEVEL = "-Owholemodule";
				VALIDATE_PRODUCT = YES;
			};
			name = Release;
		};
		84D540041F60721000AD3515 /* Debug */ = {
			isa = XCBuildConfiguration;
			buildSettings = {
				ASSETCATALOG_COMPILER_APPICON_NAME = AppIcon;
				DEVELOPMENT_TEAM = 7862VV7A86;
				INFOPLIST_FILE = Parked/Info.plist;
				LD_RUNPATH_SEARCH_PATHS = "$(inherited) @executable_path/Frameworks";
				PRODUCT_BUNDLE_IDENTIFIER = com.zipcar.Parked;
				PRODUCT_NAME = "$(TARGET_NAME)";
				SWIFT_VERSION = 3.0;
			};
			name = Debug;
		};
		84D540051F60721000AD3515 /* Release */ = {
			isa = XCBuildConfiguration;
			buildSettings = {
				ASSETCATALOG_COMPILER_APPICON_NAME = AppIcon;
				DEVELOPMENT_TEAM = 7862VV7A86;
				INFOPLIST_FILE = Parked/Info.plist;
				LD_RUNPATH_SEARCH_PATHS = "$(inherited) @executable_path/Frameworks";
				PRODUCT_BUNDLE_IDENTIFIER = com.zipcar.Parked;
				PRODUCT_NAME = "$(TARGET_NAME)";
				SWIFT_VERSION = 3.0;
			};
			name = Release;
		};
/* End XCBuildConfiguration section */

/* Begin XCConfigurationList section */
		84D53FEC1F60721000AD3515 /* Build configuration list for PBXProject "Parked" */ = {
			isa = XCConfigurationList;
			buildConfigurations = (
				84D540011F60721000AD3515 /* Debug */,
				84D540021F60721000AD3515 /* Release */,
			);
			defaultConfigurationIsVisible = 0;
			defaultConfigurationName = Release;
		};
		84D540031F60721000AD3515 /* Build configuration list for PBXNativeTarget "Parked" */ = {
			isa = XCConfigurationList;
			buildConfigurations = (
				84D540041F60721000AD3515 /* Debug */,
				84D540051F60721000AD3515 /* Release */,
			);
			defaultConfigurationIsVisible = 0;
			defaultConfigurationName = Release;
		};
/* End XCConfigurationList section */
	};
	rootObject = 84D53FE91F60721000AD3515 /* Project object */;
}
